
Microsoft Visual Studio Solution File, Format Version 12.00
# Visual Studio Version 17
VisualStudioVersion = 17.5.33627.172
MinimumVisualStudioVersion = 10.0.40219.1
Project("{FAE04EC0-301F-11D3-BF4B-00C04F79EFBC}") = "VegaStarProject", "VegaStarProject\VegaStarProject.csproj", "{BC4B814D-6D92-47B7-817F-5CE0A33ECD71}"
EndProject
Global
	GlobalSection(SolutionConfigurationPlatforms) = preSolution
		Debug|Any CPU = Debug|Any CPU
		Release|Any CPU = Release|Any CPU
	EndGlobalSection
	GlobalSection(ProjectConfigurationPlatforms) = postSolution
		{BC4B814D-6D92-47B7-817F-5CE0A33ECD71}.Debug|Any CPU.ActiveCfg = Debug|Any CPU
		{BC4B814D-6D92-47B7-817F-5CE0A33ECD71}.Debug|Any CPU.Build.0 = Debug|Any CPU
		{BC4B814D-6D92-47B7-817F-5CE0A33ECD71}.Release|Any CPU.ActiveCfg = Release|Any CPU
		{BC4B814D-6D92-47B7-817F-5CE0A33ECD71}.Release|Any CPU.Build.0 = Release|Any CPU
	EndGlobalSection
	GlobalSection(SolutionProperties) = preSolution
		HideSolutionNode = FALSE
	EndGlobalSection
	GlobalSection(ExtensibilityGlobals) = postSolution
		SolutionGuid = {55429D32-CCC0-422B-BE33-D4E615A98D8D}
	EndGlobalSection
EndGlobal
